
Microsoft Visual Studio Solution File, Format Version 12.00
# Visual Studio Version 17
VisualStudioVersion = 17.14.36401.2 d17.14
MinimumVisualStudioVersion = 10.0.40219.1
Project("{FAE04EC0-301F-11D3-BF4B-00C04F79EFBC}") = "Roteiro", "Roteiro\Roteiro.csproj", "{E4959315-7EDA-421F-988B-F3E5A8E8205A}"
EndProject
Global
	GlobalSection(SolutionConfigurationPlatforms) = preSolution
		Debug|Any CPU = Debug|Any CPU
		Release|Any CPU = Release|Any CPU
	EndGlobalSection
	GlobalSection(ProjectConfigurationPlatforms) = postSolution
		{E4959315-7EDA-421F-988B-F3E5A8E8205A}.Debug|Any CPU.ActiveCfg = Debug|Any CPU
		{E4959315-7EDA-421F-988B-F3E5A8E8205A}.Debug|Any CPU.Build.0 = Debug|Any CPU
		{E4959315-7EDA-421F-988B-F3E5A8E8205A}.Release|Any CPU.ActiveCfg = Release|Any CPU
		{E4959315-7EDA-421F-988B-F3E5A8E8205A}.Release|Any CPU.Build.0 = Release|Any CPU
	EndGlobalSection
	GlobalSection(SolutionProperties) = preSolution
		HideSolutionNode = FALSE
	EndGlobalSection
	GlobalSection(ExtensibilityGlobals) = postSolution
		SolutionGuid = {4877388B-816D-4E83-B49C-640BDE9C414D}
	EndGlobalSection
EndGlobal
